
Microsoft Visual Studio Solution File, Format Version 12.00
# Visual Studio Version 17
VisualStudioVersion = 17.11.35219.272
MinimumVisualStudioVersion = 10.0.40219.1
Project("{FAE04EC0-301F-11D3-BF4B-00C04F79EFBC}") = "Biblioteca_API", "Biblioteca_API.csproj", "{FD09F98A-C4C0-4C64-BC17-1020F9875B8A}"
EndProject
Global
	GlobalSection(SolutionConfigurationPlatforms) = preSolution
		Debug|Any CPU = Debug|Any CPU
		Release|Any CPU = Release|Any CPU
	EndGlobalSection
	GlobalSection(ProjectConfigurationPlatforms) = postSolution
		{FD09F98A-C4C0-4C64-BC17-1020F9875B8A}.Debug|Any CPU.ActiveCfg = Debug|Any CPU
		{FD09F98A-C4C0-4C64-BC17-1020F9875B8A}.Debug|Any CPU.Build.0 = Debug|Any CPU
		{FD09F98A-C4C0-4C64-BC17-1020F9875B8A}.Release|Any CPU.ActiveCfg = Release|Any CPU
		{FD09F98A-C4C0-4C64-BC17-1020F9875B8A}.Release|Any CPU.Build.0 = Release|Any CPU
	EndGlobalSection
	GlobalSection(SolutionProperties) = preSolution
		HideSolutionNode = FALSE
	EndGlobalSection
	GlobalSection(ExtensibilityGlobals) = postSolution
		SolutionGuid = {ECB2C325-E05D-4280-8F2F-F6C7C7B27985}
	EndGlobalSection
EndGlobal
